
Microsoft Visual Studio Solution File, Format Version 12.00
# Visual Studio Version 16
VisualStudioVersion = 16.0.29609.76
MinimumVisualStudioVersion = 10.0.40219.1
Project("{FAE04EC0-301F-11D3-BF4B-00C04F79EFBC}") = "MTierXForm.Android", "MTierXForm\MTierXForm.Android\MTierXForm.Android.csproj", "{C5EFBD4C-92CF-4851-A0D6-7B28103D9DC2}"
EndProject
Project("{FAE04EC0-301F-11D3-BF4B-00C04F79EFBC}") = "MTierXForm.iOS", "MTierXForm\MTierXForm.iOS\MTierXForm.iOS.csproj", "{F4C972B7-0AD9-41BA-8AA1-75A17222CCEC}"
EndProject
Project("{9A19103F-16F7-4668-BE54-9A1E7A4F7556}") = "MTierXForm", "MTierXForm\MTierXForm\MTierXForm.csproj", "{2B83F4EC-B209-4B7B-BC08-3FF3A7370007}"
EndProject
Global
	GlobalSection(SolutionConfigurationPlatforms) = preSolution
		Ad-Hoc|Any CPU = Ad-Hoc|Any CPU
		Ad-Hoc|iPhone = Ad-Hoc|iPhone
		Ad-Hoc|iPhoneSimulator = Ad-Hoc|iPhoneSimulator
		AppStore|Any CPU = AppStore|Any CPU
		AppStore|iPhone = AppStore|iPhone
		AppStore|iPhoneSimulator = AppStore|iPhoneSimulator
		Debug|Any CPU = Debug|Any CPU
		Debug|iPhone = Debug|iPhone
		Debug|iPhoneSimulator = Debug|iPhoneSimulator
		Release|Any CPU = Release|Any CPU
		Release|iPhone = Release|iPhone
		Release|iPhoneSimulator = Release|iPhoneSimulator
	EndGlobalSection
	GlobalSection(ProjectConfigurationPlatforms) = postSolution
		{C5EFBD4C-92CF-4851-A0D6-7B28103D9DC2}.Ad-Hoc|Any CPU.ActiveCfg = Release|Any CPU
		{C5EFBD4C-92CF-4851-A0D6-7B28103D9DC2}.Ad-Hoc|Any CPU.Build.0 = Release|Any CPU
		{C5EFBD4C-92CF-4851-A0D6-7B28103D9DC2}.Ad-Hoc|Any CPU.Deploy.0 = Release|Any CPU
		{C5EFBD4C-92CF-4851-A0D6-7B28103D9DC2}.Ad-Hoc|iPhone.ActiveCfg = Release|Any CPU
		{C5EFBD4C-92CF-4851-A0D6-7B28103D9DC2}.Ad-Hoc|iPhone.Build.0 = Release|Any CPU
		{C5EFBD4C-92CF-4851-A0D6-7B28103D9DC2}.Ad-Hoc|iPhone.Deploy.0 = Release|Any CPU
		{C5EFBD4C-92CF-4851-A0D6-7B28103D9DC2}.Ad-Hoc|iPhoneSimulator.ActiveCfg = Release|Any CPU
		{C5EFBD4C-92CF-4851-A0D6-7B28103D9DC2}.Ad-Hoc|iPhoneSimulator.Build.0 = Release|Any CPU
		{C5EFBD4C-92CF-4851-A0D6-7B28103D9DC2}.Ad-Hoc|iPhoneSimulator.Deploy.0 = Release|Any CPU
		{C5EFBD4C-92CF-4851-A0D6-7B28103D9DC2}.AppStore|Any CPU.ActiveCfg = Release|Any CPU
		{C5EFBD4C-92CF-4851-A0D6-7B28103D9DC2}.AppStore|Any CPU.Build.0 = Release|Any CPU
		{C5EFBD4C-92CF-4851-A0D6-7B28103D9DC2}.AppStore|Any CPU.Deploy.0 = Release|Any CPU
		{C5EFBD4C-92CF-4851-A0D6-7B28103D9DC2}.AppStore|iPhone.ActiveCfg = Release|Any CPU
		{C5EFBD4C-92CF-4851-A0D6-7B28103D9DC2}.AppStore|iPhone.Build.0 = Release|Any CPU
		{C5EFBD4C-92CF-4851-A0D6-7B28103D9DC2}.AppStore|iPhone.Deploy.0 = Release|Any CPU
		{C5EFBD4C-92CF-4851-A0D6-7B28103D9DC2}.AppStore|iPhoneSimulator.ActiveCfg = Release|Any CPU
		{C5EFBD4C-92CF-4851-A0D6-7B28103D9DC2}.AppStore|iPhoneSimulator.Build.0 = Release|Any CPU
		{C5EFBD4C-92CF-4851-A0D6-7B28103D9DC2}.AppStore|iPhoneSimulator.Deploy.0 = Release|Any CPU
		{C5EFBD4C-92CF-4851-A0D6-7B28103D9DC2}.Debug|Any CPU.ActiveCfg = Debug|Any CPU
		{C5EFBD4C-92CF-4851-A0D6-7B28103D9DC2}.Debug|Any CPU.Build.0 = Debug|Any CPU
		{C5EFBD4C-92CF-4851-A0D6-7B28103D9DC2}.Debug|Any CPU.Deploy.0 = Debug|Any CPU
		{C5EFBD4C-92CF-4851-A0D6-7B28103D9DC2}.Debug|iPhone.ActiveCfg = Debug|Any CPU
		{C5EFBD4C-92CF-4851-A0D6-7B28103D9DC2}.Debug|iPhone.Build.0 = Debug|Any CPU
		{C5EFBD4C-92CF-4851-A0D6-7B28103D9DC2}.Debug|iPhone.Deploy.0 = Debug|Any CPU
		{C5EFBD4C-92CF-4851-A0D6-7B28103D9DC2}.Debug|iPhoneSimulator.ActiveCfg = Debug|Any CPU
		{C5EFBD4C-92CF-4851-A0D6-7B28103D9DC2}.Debug|iPhoneSimulator.Build.0 = Debug|Any CPU
		{C5EFBD4C-92CF-4851-A0D6-7B28103D9DC2}.Debug|iPhoneSimulator.Deploy.0 = Debug|Any CPU
		{C5EFBD4C-92CF-4851-A0D6-7B28103D9DC2}.Release|Any CPU.ActiveCfg = Release|Any CPU
		{C5EFBD4C-92CF-4851-A0D6-7B28103D9DC2}.Release|Any CPU.Build.0 = Release|Any CPU
		{C5EFBD4C-92CF-4851-A0D6-7B28103D9DC2}.Release|Any CPU.Deploy.0 = Release|Any CPU
		{C5EFBD4C-92CF-4851-A0D6-7B28103D9DC2}.Release|iPhone.ActiveCfg = Release|Any CPU
		{C5EFBD4C-92CF-4851-A0D6-7B28103D9DC2}.Release|iPhone.Build.0 = Release|Any CPU
		{C5EFBD4C-92CF-4851-A0D6-7B28103D9DC2}.Release|iPhone.Deploy.0 = Release|Any CPU
		{C5EFBD4C-92CF-4851-A0D6-7B28103D9DC2}.Release|iPhoneSimulator.ActiveCfg = Release|Any CPU
		{C5EFBD4C-92CF-4851-A0D6-7B28103D9DC2}.Release|iPhoneSimulator.Build.0 = Release|Any CPU
		{C5EFBD4C-92CF-4851-A0D6-7B28103D9DC2}.Release|iPhoneSimulator.Deploy.0 = Release|Any CPU
		{F4C972B7-0AD9-41BA-8AA1-75A17222CCEC}.Ad-Hoc|Any CPU.ActiveCfg = Ad-Hoc|iPhone
		{F4C972B7-0AD9-41BA-8AA1-75A17222CCEC}.Ad-Hoc|Any CPU.Build.0 = Ad-Hoc|iPhone
		{F4C972B7-0AD9-41BA-8AA1-75A17222CCEC}.Ad-Hoc|Any CPU.Deploy.0 = Ad-Hoc|iPhone
		{F4C972B7-0AD9-41BA-8AA1-75A17222CCEC}.Ad-Hoc|iPhone.ActiveCfg = Ad-Hoc|iPhone
		{F4C972B7-0AD9-41BA-8AA1-75A17222CCEC}.Ad-Hoc|iPhone.Build.0 = Ad-Hoc|iPhone
		{F4C972B7-0AD9-41BA-8AA1-75A17222CCEC}.Ad-Hoc|iPhone.Deploy.0 = Ad-Hoc|iPhone
		{F4C972B7-0AD9-41BA-8AA1-75A17222CCEC}.Ad-Hoc|iPhoneSimulator.ActiveCfg = Ad-Hoc|iPhoneSimulator
		{F4C972B7-0AD9-41BA-8AA1-75A17222CCEC}.Ad-Hoc|iPhoneSimulator.Build.0 = Ad-Hoc|iPhoneSimulator
		{F4C972B7-0AD9-41BA-8AA1-75A17222CCEC}.Ad-Hoc|iPhoneSimulator.Deploy.0 = Ad-Hoc|iPhoneSimulator
		{F4C972B7-0AD9-41BA-8AA1-75A17222CCEC}.AppStore|Any CPU.ActiveCfg = AppStore|iPhone
		{F4C972B7-0AD9-41BA-8AA1-75A17222CCEC}.AppStore|Any CPU.Build.0 = AppStore|iPhone
		{F4C972B7-0AD9-41BA-8AA1-75A17222CCEC}.AppStore|Any CPU.Deploy.0 = AppStore|iPhone
		{F4C972B7-0AD9-41BA-8AA1-75A17222CCEC}.AppStore|iPhone.ActiveCfg = AppStore|iPhone
		{F4C972B7-0AD9-41BA-8AA1-75A17222CCEC}.AppStore|iPhone.Build.0 = AppStore|iPhone
		{F4C972B7-0AD9-41BA-8AA1-75A17222CCEC}.AppStore|iPhone.Deploy.0 = AppStore|iPhone
		{F4C972B7-0AD9-41BA-8AA1-75A17222CCEC}.AppStore|iPhoneSimulator.ActiveCfg = AppStore|iPhoneSimulator
		{F4C972B7-0AD9-41BA-8AA1-75A17222CCEC}.AppStore|iPhoneSimulator.Build.0 = AppStore|iPhoneSimulator
		{F4C972B7-0AD9-41BA-8AA1-75A17222CCEC}.AppStore|iPhoneSimulator.Deploy.0 = AppStore|iPhoneSimulator
		{F4C972B7-0AD9-41BA-8AA1-75A17222CCEC}.Debug|Any CPU.ActiveCfg = Debug|iPhoneSimulator
		{F4C972B7-0AD9-41BA-8AA1-75A17222CCEC}.Debug|Any CPU.Build.0 = Debug|iPhoneSimulator
		{F4C972B7-0AD9-41BA-8AA1-75A17222CCEC}.Debug|Any CPU.Deploy.0 = Debug|iPhoneSimulator
		{F4C972B7-0AD9-41BA-8AA1-75A17222CCEC}.Debug|iPhone.ActiveCfg = Debug|iPhone
		{F4C972B7-0AD9-41BA-8AA1-75A17222CCEC}.Debug|iPhone.Build.0 = Debug|iPhone
		{F4C972B7-0AD9-41BA-8AA1-75A17222CCEC}.Debug|iPhone.Deploy.0 = Debug|iPhone
		{F4C972B7-0AD9-41BA-8AA1-75A17222CCEC}.Debug|iPhoneSimulator.ActiveCfg = Debug|iPhoneSimulator
		{F4C972B7-0AD9-41BA-8AA1-75A17222CCEC}.Debug|iPhoneSimulator.Build.0 = Debug|iPhoneSimulator
		{F4C972B7-0AD9-41BA-8AA1-75A17222CCEC}.Debug|iPhoneSimulator.Deploy.0 = Debug|iPhoneSimulator
		{F4C972B7-0AD9-41BA-8AA1-75A17222CCEC}.Release|Any CPU.ActiveCfg = Release|iPhone
		{F4C972B7-0AD9-41BA-8AA1-75A17222CCEC}.Release|Any CPU.Build.0 = Release|iPhone
		{F4C972B7-0AD9-41BA-8AA1-75A17222CCEC}.Release|Any CPU.Deploy.0 = Release|iPhone
		{F4C972B7-0AD9-41BA-8AA1-75A17222CCEC}.Release|iPhone.ActiveCfg = Release|iPhone
		{F4C972B7-0AD9-41BA-8AA1-75A17222CCEC}.Release|iPhone.Build.0 = Release|iPhone
		{F4C972B7-0AD9-41BA-8AA1-75A17222CCEC}.Release|iPhone.Deploy.0 = Release|iPhone
		{F4C972B7-0AD9-41BA-8AA1-75A17222CCEC}.Release|iPhoneSimulator.ActiveCfg = Release|iPhoneSimulator
		{F4C972B7-0AD9-41BA-8AA1-75A17222CCEC}.Release|iPhoneSimulator.Build.0 = Release|iPhoneSimulator
		{F4C972B7-0AD9-41BA-8AA1-75A17222CCEC}.Release|iPhoneSimulator.Deploy.0 = Release|iPhoneSimulator
		{2B83F4EC-B209-4B7B-BC08-3FF3A7370007}.Ad-Hoc|Any CPU.ActiveCfg = Debug|Any CPU
		{2B83F4EC-B209-4B7B-BC08-3FF3A7370007}.Ad-Hoc|Any CPU.Build.0 = Debug|Any CPU
		{2B83F4EC-B209-4B7B-BC08-3FF3A7370007}.Ad-Hoc|Any CPU.Deploy.0 = Debug|Any CPU
		{2B83F4EC-B209-4B7B-BC08-3FF3A7370007}.Ad-Hoc|iPhone.ActiveCfg = Debug|Any CPU
		{2B83F4EC-B209-4B7B-BC08-3FF3A7370007}.Ad-Hoc|iPhone.Build.0 = Debug|Any CPU
		{2B83F4EC-B209-4B7B-BC08-3FF3A7370007}.Ad-Hoc|iPhone.Deploy.0 = Debug|Any CPU
		{2B83F4EC-B209-4B7B-BC08-3FF3A7370007}.Ad-Hoc|iPhoneSimulator.ActiveCfg = Debug|Any CPU
		{2B83F4EC-B209-4B7B-BC08-3FF3A7370007}.Ad-Hoc|iPhoneSimulator.Build.0 = Debug|Any CPU
		{2B83F4EC-B209-4B7B-BC08-3FF3A7370007}.Ad-Hoc|iPhoneSimulator.Deploy.0 = Debug|Any CPU
		{2B83F4EC-B209-4B7B-BC08-3FF3A7370007}.AppStore|Any CPU.ActiveCfg = Debug|Any CPU
		{2B83F4EC-B209-4B7B-BC08-3FF3A7370007}.AppStore|Any CPU.Build.0 = Debug|Any CPU
		{2B83F4EC-B209-4B7B-BC08-3FF3A7370007}.AppStore|Any CPU.Deploy.0 = Debug|Any CPU
		{2B83F4EC-B209-4B7B-BC08-3FF3A7370007}.AppStore|iPhone.ActiveCfg = Debug|Any CPU
		{2B83F4EC-B209-4B7B-BC08-3FF3A7370007}.AppStore|iPhone.Build.0 = Debug|Any CPU
		{2B83F4EC-B209-4B7B-BC08-3FF3A7370007}.AppStore|iPhone.Deploy.0 = Debug|Any CPU
		{2B83F4EC-B209-4B7B-BC08-3FF3A7370007}.AppStore|iPhoneSimulator.ActiveCfg = Debug|Any CPU
		{2B83F4EC-B209-4B7B-BC08-3FF3A7370007}.AppStore|iPhoneSimulator.Build.0 = Debug|Any CPU
		{2B83F4EC-B209-4B7B-BC08-3FF3A7370007}.AppStore|iPhoneSimulator.Deploy.0 = Debug|Any CPU
		{2B83F4EC-B209-4B7B-BC08-3FF3A7370007}.Debug|Any CPU.ActiveCfg = Debug|Any CPU
		{2B83F4EC-B209-4B7B-BC08-3FF3A7370007}.Debug|Any CPU.Build.0 = Debug|Any CPU
		{2B83F4EC-B209-4B7B-BC08-3FF3A7370007}.Debug|Any CPU.Deploy.0 = Debug|Any CPU
		{2B83F4EC-B209-4B7B-BC08-3FF3A7370007}.Debug|iPhone.ActiveCfg = Debug|Any CPU
		{2B83F4EC-B209-4B7B-BC08-3FF3A7370007}.Debug|iPhone.Build.0 = Debug|Any CPU
		{2B83F4EC-B209-4B7B-BC08-3FF3A7370007}.Debug|iPhone.Deploy.0 = Debug|Any CPU
		{2B83F4EC-B209-4B7B-BC08-3FF3A7370007}.Debug|iPhoneSimulator.ActiveCfg = Debug|Any CPU
		{2B83F4EC-B209-4B7B-BC08-3FF3A7370007}.Debug|iPhoneSimulator.Build.0 = Debug|Any CPU
		{2B83F4EC-B209-4B7B-BC08-3FF3A7370007}.Debug|iPhoneSimulator.Deploy.0 = Debug|Any CPU
		{2B83F4EC-B209-4B7B-BC08-3FF3A7370007}.Release|Any CPU.ActiveCfg = Release|Any CPU
		{2B83F4EC-B209-4B7B-BC08-3FF3A7370007}.Release|Any CPU.Build.0 = Release|Any CPU
		{2B83F4EC-B209-4B7B-BC08-3FF3A7370007}.Release|Any CPU.Deploy.0 = Release|Any CPU
		{2B83F4EC-B209-4B7B-BC08-3FF3A7370007}.Release|iPhone.ActiveCfg = Release|Any CPU
		{2B83F4EC-B209-4B7B-BC08-3FF3A7370007}.Release|iPhone.Build.0 = Release|Any CPU
		{2B83F4EC-B209-4B7B-BC08-3FF3A7370007}.Release|iPhone.Deploy.0 = Release|Any CPU
		{2B83F4EC-B209-4B7B-BC08-3FF3A7370007}.Release|iPhoneSimulator.ActiveCfg = Release|Any CPU
		{2B83F4EC-B209-4B7B-BC08-3FF3A7370007}.Release|iPhoneSimulator.Build.0 = Release|Any CPU
		{2B83F4EC-B209-4B7B-BC08-3FF3A7370007}.Release|iPhoneSimulator.Deploy.0 = Release|Any CPU
	EndGlobalSection
	GlobalSection(SolutionProperties) = preSolution
		HideSolutionNode = FALSE
	EndGlobalSection
	GlobalSection(ExtensibilityGlobals) = postSolution
		SolutionGuid = {3CE5DE52-8962-4556-8E00-E8A1D9ACA3AB}
	EndGlobalSection
EndGlobal
